github.com/DataDog/czlib v0.0.0-20240814115052-86a9592b3985 h1:0nepyu+UcpcOt3rrr0G4PvNDuoEW2aoqtbh2NK0AQ3w=
github.com/DataDog/czlib v0.0.0-20240814115052-86a9592b3985/go.mod h1:ROY4muaTWpoeQAx/oUkvxe9zKCmgU5xDGXsfEbA+omc=
github.com/pchchv/geo v1.1.1 h1:JiXtD+2hQFV4OMhfiRShhz4HMdfWps45x9zTCArCmrE=
github.com/pchchv/geo v1.1.1/go.mod h1:tJ+KCrMGEvYWjwHTVhAwRAymhdfpLZCh4yNLaznlnkw=
github.com/pchchv/pbr v1.0.0 h1:8+1Bj8nmAOAYE/BvUKTBDRQdYSoSR3d/aH4zPxXKTU0=
github.com/pchchv/pbr v1.0.0/go.mod h1:p8QL8sUBwbX8wL8GLpJZNm41m2E4qNp6tyl+Aog9O2g=
go.mongodb.org/mongo-driver v1.17.3 h1:TQyXhnsWfWtgAhMtOgtYHMTkZIfBTpMTsMnd9ZBeHxQ=
go.mongodb.org/mongo-driver v1.17.3/go.mod h1:Hy04i7O2kC4RS06ZrhPRqj/u4DTYkFDAAccj+rVKqgQ=
golang.org/x/time v0.11.0 h1:/bpjEDfN9tkoN/ryeYHnv5hcMlc8ncjMcM4XBk5NWV0=
golang.org/x/time v0.11.0/go.mod h1:CDIdPxbZBQxdj6cxyCIdrNogrJKMJ7pr37NYpMcMDSg=
google.golang.org/protobuf v1.36.6 h1:z1NpPI8ku2WgiWnf+t9wTPsn6eP1L7ksHUlkfLvd9xY=
google.golang.org/protobuf v1.36.6/go.mod h1:jduwjTPXsFjZGTmRluh+L6NjiWu7pchiJ2/5YcXBHnY=
